// !$*UTF8*$!
{
	archiveVersion = 1;
	classes = {
	};
	objectVersion = 50;
	objects = {

/* Begin PBXBuildFile section */
		1905F6F324832AC1003059A7 /* GameMap.swift in Sources */ = {isa = PBXBuildFile; fileRef = 1905F6F224832AC1003059A7 /* GameMap.swift */; };
		19378F7724885D1900E3EBF8 /* RxRelay.framework in Frameworks */ = {isa = PBXBuildFile; fileRef = 19378F7524885D1900E3EBF8 /* RxRelay.framework */; };
		19378F7824885D1900E3EBF8 /* RxCocoa.framework in Frameworks */ = {isa = PBXBuildFile; fileRef = 19378F7624885D1900E3EBF8 /* RxCocoa.framework */; };
		19378F7B24886B6300E3EBF8 /* MapItem.swift in Sources */ = {isa = PBXBuildFile; fileRef = 19378F7A24886B6300E3EBF8 /* MapItem.swift */; };
		19378F7D24886B7700E3EBF8 /* MapCell.swift in Sources */ = {isa = PBXBuildFile; fileRef = 19378F7C24886B7700E3EBF8 /* MapCell.swift */; };
		19378F7F248AC2C900E3EBF8 /* Game.swift in Sources */ = {isa = PBXBuildFile; fileRef = 19378F7E248AC2C900E3EBF8 /* Game.swift */; };
		19378F81248ADB5E00E3EBF8 /* Player.swift in Sources */ = {isa = PBXBuildFile; fileRef = 19378F80248ADB5E00E3EBF8 /* Player.swift */; };
		19378F85248ADF0200E3EBF8 /* GameServer.swift in Sources */ = {isa = PBXBuildFile; fileRef = 19378F84248ADF0200E3EBF8 /* GameServer.swift */; };
		19378F87248AED2600E3EBF8 /* GameCoordinator.swift in Sources */ = {isa = PBXBuildFile; fileRef = 19378F86248AED2600E3EBF8 /* GameCoordinator.swift */; };
		19378F89248AED9600E3EBF8 /* GameMatchingCoordinator.swift in Sources */ = {isa = PBXBuildFile; fileRef = 19378F88248AED9600E3EBF8 /* GameMatchingCoordinator.swift */; };
		19378F90248AF20E00E3EBF8 /* GameServerBridge.swift in Sources */ = {isa = PBXBuildFile; fileRef = 19378F8F248AF20E00E3EBF8 /* GameServerBridge.swift */; };
		19378F93248B354700E3EBF8 /* GameKit.framework in Frameworks */ = {isa = PBXBuildFile; fileRef = 19378F92248B354700E3EBF8 /* GameKit.framework */; };
		19378F97248B387E00E3EBF8 /* BluetoothNetworkAdapter.swift in Sources */ = {isa = PBXBuildFile; fileRef = 19378F96248B387E00E3EBF8 /* BluetoothNetworkAdapter.swift */; };
		19378F99248B388900E3EBF8 /* GameKitNetworkAdapter.swift in Sources */ = {isa = PBXBuildFile; fileRef = 19378F98248B388900E3EBF8 /* GameKitNetworkAdapter.swift */; };
		19378F9D248C4A8100E3EBF8 /* GameProcess.swift in Sources */ = {isa = PBXBuildFile; fileRef = 19378F9C248C4A8100E3EBF8 /* GameProcess.swift */; };
		19378FA4248D3DCB00E3EBF8 /* GameStateMachine.swift in Sources */ = {isa = PBXBuildFile; fileRef = 19378FA3248D3DCB00E3EBF8 /* GameStateMachine.swift */; };
		19378FA7248D488200E3EBF8 /* BaseGameState.swift in Sources */ = {isa = PBXBuildFile; fileRef = 19378FA6248D488200E3EBF8 /* BaseGameState.swift */; };
		19378FA9248D4B5A00E3EBF8 /* InitiatedGameState.swift in Sources */ = {isa = PBXBuildFile; fileRef = 19378FA8248D4B5A00E3EBF8 /* InitiatedGameState.swift */; };
		194AD738248430160085C635 /* RxSwift.framework in Frameworks */ = {isa = PBXBuildFile; fileRef = 194AD737248430160085C635 /* RxSwift.framework */; };
		196AD63F2482F8E000BF63D7 /* AppDelegate.swift in Sources */ = {isa = PBXBuildFile; fileRef = 196AD63E2482F8E000BF63D7 /* AppDelegate.swift */; };
		196AD6412482F8E000BF63D7 /* ViewController.swift in Sources */ = {isa = PBXBuildFile; fileRef = 196AD6402482F8E000BF63D7 /* ViewController.swift */; };
		196AD6462482F8E000BF63D7 /* Main.storyboard in Resources */ = {isa = PBXBuildFile; fileRef = 196AD6442482F8E000BF63D7 /* Main.storyboard */; };
		196AD6482482F8E200BF63D7 /* Assets.xcassets in Resources */ = {isa = PBXBuildFile; fileRef = 196AD6472482F8E200BF63D7 /* Assets.xcassets */; };
		196AD64B2482F8E200BF63D7 /* LaunchScreen.storyboard in Resources */ = {isa = PBXBuildFile; fileRef = 196AD6492482F8E200BF63D7 /* LaunchScreen.storyboard */; };
		196AD6562482F8E200BF63D7 /* AR_pylosTests.swift in Sources */ = {isa = PBXBuildFile; fileRef = 196AD6552482F8E200BF63D7 /* AR_pylosTests.swift */; };
		196AD6612482F8E200BF63D7 /* AR_pylosUITests.swift in Sources */ = {isa = PBXBuildFile; fileRef = 196AD6602482F8E200BF63D7 /* AR_pylosUITests.swift */; };
/* End PBXBuildFile section */

/* Begin PBXContainerItemProxy section */
		196AD6522482F8E200BF63D7 /* PBXContainerItemProxy */ = {
			isa = PBXContainerItemProxy;
			containerPortal = 196AD6332482F8E000BF63D7 /* Project object */;
			proxyType = 1;
			remoteGlobalIDString = 196AD63A2482F8E000BF63D7;
			remoteInfo = "AR-pylos";
		};
		196AD65D2482F8E200BF63D7 /* PBXContainerItemProxy */ = {
			isa = PBXContainerItemProxy;
			containerPortal = 196AD6332482F8E000BF63D7 /* Project object */;
			proxyType = 1;
			remoteGlobalIDString = 196AD63A2482F8E000BF63D7;
			remoteInfo = "AR-pylos";
		};
/* End PBXContainerItemProxy section */

/* Begin PBXFileReference section */
		1905F6F224832AC1003059A7 /* GameMap.swift */ = {isa = PBXFileReference; lastKnownFileType = sourcecode.swift; path = GameMap.swift; sourceTree = "<group>"; };
		19378F7424885CC900E3EBF8 /* AR-pylos-Bridging-Header.h */ = {isa = PBXFileReference; lastKnownFileType = sourcecode.c.h; path = "AR-pylos-Bridging-Header.h"; sourceTree = "<group>"; };
		19378F7524885D1900E3EBF8 /* RxRelay.framework */ = {isa = PBXFileReference; lastKnownFileType = wrapper.framework; name = RxRelay.framework; path = Carthage/Build/iOS/RxRelay.framework; sourceTree = "<group>"; };
		19378F7624885D1900E3EBF8 /* RxCocoa.framework */ = {isa = PBXFileReference; lastKnownFileType = wrapper.framework; name = RxCocoa.framework; path = Carthage/Build/iOS/RxCocoa.framework; sourceTree = "<group>"; };
		19378F7A24886B6300E3EBF8 /* MapItem.swift */ = {isa = PBXFileReference; lastKnownFileType = sourcecode.swift; path = MapItem.swift; sourceTree = "<group>"; };
		19378F7C24886B7700E3EBF8 /* MapCell.swift */ = {isa = PBXFileReference; lastKnownFileType = sourcecode.swift; path = MapCell.swift; sourceTree = "<group>"; };
		19378F7E248AC2C900E3EBF8 /* Game.swift */ = {isa = PBXFileReference; lastKnownFileType = sourcecode.swift; path = Game.swift; sourceTree = "<group>"; };
		19378F80248ADB5E00E3EBF8 /* Player.swift */ = {isa = PBXFileReference; lastKnownFileType = sourcecode.swift; path = Player.swift; sourceTree = "<group>"; };
		19378F84248ADF0200E3EBF8 /* GameServer.swift */ = {isa = PBXFileReference; lastKnownFileType = sourcecode.swift; path = GameServer.swift; sourceTree = "<group>"; };
		19378F86248AED2600E3EBF8 /* GameCoordinator.swift */ = {isa = PBXFileReference; lastKnownFileType = sourcecode.swift; path = GameCoordinator.swift; sourceTree = "<group>"; };
		19378F88248AED9600E3EBF8 /* GameMatchingCoordinator.swift */ = {isa = PBXFileReference; lastKnownFileType = sourcecode.swift; path = GameMatchingCoordinator.swift; sourceTree = "<group>"; };
		19378F8F248AF20E00E3EBF8 /* GameServerBridge.swift */ = {isa = PBXFileReference; lastKnownFileType = sourcecode.swift; path = GameServerBridge.swift; sourceTree = "<group>"; };
		19378F92248B354700E3EBF8 /* GameKit.framework */ = {isa = PBXFileReference; lastKnownFileType = wrapper.framework; name = GameKit.framework; path = System/Library/Frameworks/GameKit.framework; sourceTree = SDKROOT; };
		19378F96248B387E00E3EBF8 /* BluetoothNetworkAdapter.swift */ = {isa = PBXFileReference; lastKnownFileType = sourcecode.swift; path = BluetoothNetworkAdapter.swift; sourceTree = "<group>"; };
		19378F98248B388900E3EBF8 /* GameKitNetworkAdapter.swift */ = {isa = PBXFileReference; lastKnownFileType = sourcecode.swift; path = GameKitNetworkAdapter.swift; sourceTree = "<group>"; };
		19378F9C248C4A8100E3EBF8 /* GameProcess.swift */ = {isa = PBXFileReference; lastKnownFileType = sourcecode.swift; path = GameProcess.swift; sourceTree = "<group>"; };
		19378FA3248D3DCB00E3EBF8 /* GameStateMachine.swift */ = {isa = PBXFileReference; lastKnownFileType = sourcecode.swift; path = GameStateMachine.swift; sourceTree = "<group>"; };
		19378FA6248D488200E3EBF8 /* BaseGameState.swift */ = {isa = PBXFileReference; lastKnownFileType = sourcecode.swift; path = BaseGameState.swift; sourceTree = "<group>"; };
		19378FA8248D4B5A00E3EBF8 /* InitiatedGameState.swift */ = {isa = PBXFileReference; lastKnownFileType = sourcecode.swift; path = InitiatedGameState.swift; sourceTree = "<group>"; };
		194AD737248430160085C635 /* RxSwift.framework */ = {isa = PBXFileReference; lastKnownFileType = wrapper.framework; name = RxSwift.framework; path = Carthage/Build/iOS/RxSwift.framework; sourceTree = "<group>"; };
		196AD63B2482F8E000BF63D7 /* AR-pylos.app */ = {isa = PBXFileReference; explicitFileType = wrapper.application; includeInIndex = 0; path = "AR-pylos.app"; sourceTree = BUILT_PRODUCTS_DIR; };
		196AD63E2482F8E000BF63D7 /* AppDelegate.swift */ = {isa = PBXFileReference; lastKnownFileType = sourcecode.swift; path = AppDelegate.swift; sourceTree = "<group>"; };
		196AD6402482F8E000BF63D7 /* ViewController.swift */ = {isa = PBXFileReference; lastKnownFileType = sourcecode.swift; path = ViewController.swift; sourceTree = "<group>"; };
		196AD6452482F8E000BF63D7 /* Base */ = {isa = PBXFileReference; lastKnownFileType = file.storyboard; name = Base; path = Base.lproj/Main.storyboard; sourceTree = "<group>"; };
		196AD6472482F8E200BF63D7 /* Assets.xcassets */ = {isa = PBXFileReference; lastKnownFileType = folder.assetcatalog; path = Assets.xcassets; sourceTree = "<group>"; };
		196AD64A2482F8E200BF63D7 /* Base */ = {isa = PBXFileReference; lastKnownFileType = file.storyboard; name = Base; path = Base.lproj/LaunchScreen.storyboard; sourceTree = "<group>"; };
		196AD64C2482F8E200BF63D7 /* Info.plist */ = {isa = PBXFileReference; lastKnownFileType = text.plist.xml; path = Info.plist; sourceTree = "<group>"; };
		196AD6512482F8E200BF63D7 /* AR-pylosTests.xctest */ = {isa = PBXFileReference; explicitFileType = wrapper.cfbundle; includeInIndex = 0; path = "AR-pylosTests.xctest"; sourceTree = BUILT_PRODUCTS_DIR; };
		196AD6552482F8E200BF63D7 /* AR_pylosTests.swift */ = {isa = PBXFileReference; lastKnownFileType = sourcecode.swift; path = AR_pylosTests.swift; sourceTree = "<group>"; };
		196AD6572482F8E200BF63D7 /* Info.plist */ = {isa = PBXFileReference; lastKnownFileType = text.plist.xml; path = Info.plist; sourceTree = "<group>"; };
		196AD65C2482F8E200BF63D7 /* AR-pylosUITests.xctest */ = {isa = PBXFileReference; explicitFileType = wrapper.cfbundle; includeInIndex = 0; path = "AR-pylosUITests.xctest"; sourceTree = BUILT_PRODUCTS_DIR; };
		196AD6602482F8E200BF63D7 /* AR_pylosUITests.swift */ = {isa = PBXFileReference; lastKnownFileType = sourcecode.swift; path = AR_pylosUITests.swift; sourceTree = "<group>"; };
		196AD6622482F8E200BF63D7 /* Info.plist */ = {isa = PBXFileReference; lastKnownFileType = text.plist.xml; path = Info.plist; sourceTree = "<group>"; };
/* End PBXFileReference section */

/* Begin PBXFrameworksBuildPhase section */
		196AD6382482F8E000BF63D7 /* Frameworks */ = {
			isa = PBXFrameworksBuildPhase;
			buildActionMask = 2147483647;
			files = (
				19378F7724885D1900E3EBF8 /* RxRelay.framework in Frameworks */,
				19378F7824885D1900E3EBF8 /* RxCocoa.framework in Frameworks */,
				194AD738248430160085C635 /* RxSwift.framework in Frameworks */,
				19378F93248B354700E3EBF8 /* GameKit.framework in Frameworks */,
			);
			runOnlyForDeploymentPostprocessing = 0;
		};
		196AD64E2482F8E200BF63D7 /* Frameworks */ = {
			isa = PBXFrameworksBuildPhase;
			buildActionMask = 2147483647;
			files = (
			);
			runOnlyForDeploymentPostprocessing = 0;
		};
		196AD6592482F8E200BF63D7 /* Frameworks */ = {
			isa = PBXFrameworksBuildPhase;
			buildActionMask = 2147483647;
			files = (
			);
			runOnlyForDeploymentPostprocessing = 0;
		};
/* End PBXFrameworksBuildPhase section */

/* Begin PBXGroup section */
		1905F6F024832A92003059A7 /* Core */ = {
			isa = PBXGroup;
			children = (
				19378F91248B337200E3EBF8 /* Network */,
				19378F8C248AF15E00E3EBF8 /* Server */,
				1905F6F124832A9C003059A7 /* Game */,
			);
			path = Core;
			sourceTree = "<group>";
		};
		1905F6F124832A9C003059A7 /* Game */ = {
			isa = PBXGroup;
			children = (
				19378F7924886B5500E3EBF8 /* Models */,
				19378F86248AED2600E3EBF8 /* GameCoordinator.swift */,
				19378F88248AED9600E3EBF8 /* GameMatchingCoordinator.swift */,
				19378F9C248C4A8100E3EBF8 /* GameProcess.swift */,
			);
			path = Game;
			sourceTree = "<group>";
		};
		19378F7924886B5500E3EBF8 /* Models */ = {
			isa = PBXGroup;
			children = (
				19378F7A24886B6300E3EBF8 /* MapItem.swift */,
				19378F7C24886B7700E3EBF8 /* MapCell.swift */,
				1905F6F224832AC1003059A7 /* GameMap.swift */,
				19378F7E248AC2C900E3EBF8 /* Game.swift */,
				19378F80248ADB5E00E3EBF8 /* Player.swift */,
			);
			path = Models;
			sourceTree = "<group>";
		};
		19378F8C248AF15E00E3EBF8 /* Server */ = {
			isa = PBXGroup;
			children = (
				19378FA5248D482F00E3EBF8 /* StateMachine */,
				19378F9E248C5CA100E3EBF8 /* Bridges */,
				19378F84248ADF0200E3EBF8 /* GameServer.swift */,
				19378FA3248D3DCB00E3EBF8 /* GameStateMachine.swift */,
			);
			path = Server;
			sourceTree = "<group>";
		};
		19378F91248B337200E3EBF8 /* Network */ = {
			isa = PBXGroup;
			children = (
				19378F96248B387E00E3EBF8 /* BluetoothNetworkAdapter.swift */,
				19378F98248B388900E3EBF8 /* GameKitNetworkAdapter.swift */,
			);
			path = Network;
			sourceTree = "<group>";
		};
		19378F9E248C5CA100E3EBF8 /* Bridges */ = {
			isa = PBXGroup;
			children = (
				19378F8F248AF20E00E3EBF8 /* GameServerBridge.swift */,
			);
			path = Bridges;
			sourceTree = "<group>";
		};
		19378FA5248D482F00E3EBF8 /* StateMachine */ = {
			isa = PBXGroup;
			children = (
				19378FA6248D488200E3EBF8 /* BaseGameState.swift */,
				19378FA8248D4B5A00E3EBF8 /* InitiatedGameState.swift */,
			);
			path = StateMachine;
			sourceTree = "<group>";
		};
		194AD736248430160085C635 /* Frameworks */ = {
			isa = PBXGroup;
			children = (
				19378F92248B354700E3EBF8 /* GameKit.framework */,
				19378F7624885D1900E3EBF8 /* RxCocoa.framework */,
				19378F7524885D1900E3EBF8 /* RxRelay.framework */,
				194AD737248430160085C635 /* RxSwift.framework */,
			);
			name = Frameworks;
			sourceTree = "<group>";
		};
		196AD6322482F8E000BF63D7 = {
			isa = PBXGroup;
			children = (
				196AD63D2482F8E000BF63D7 /* AR-pylos */,
				196AD6542482F8E200BF63D7 /* AR-pylosTests */,
				196AD65F2482F8E200BF63D7 /* AR-pylosUITests */,
				196AD63C2482F8E000BF63D7 /* Products */,
				194AD736248430160085C635 /* Frameworks */,
			);
			sourceTree = "<group>";
		};
		196AD63C2482F8E000BF63D7 /* Products */ = {
			isa = PBXGroup;
			children = (
				196AD63B2482F8E000BF63D7 /* AR-pylos.app */,
				196AD6512482F8E200BF63D7 /* AR-pylosTests.xctest */,
				196AD65C2482F8E200BF63D7 /* AR-pylosUITests.xctest */,
			);
			name = Products;
			sourceTree = "<group>";
		};
		196AD63D2482F8E000BF63D7 /* AR-pylos */ = {
			isa = PBXGroup;
			children = (
				1905F6F024832A92003059A7 /* Core */,
				196AD63E2482F8E000BF63D7 /* AppDelegate.swift */,
				196AD6402482F8E000BF63D7 /* ViewController.swift */,
				196AD6442482F8E000BF63D7 /* Main.storyboard */,
				196AD6472482F8E200BF63D7 /* Assets.xcassets */,
				196AD6492482F8E200BF63D7 /* LaunchScreen.storyboard */,
				196AD64C2482F8E200BF63D7 /* Info.plist */,
				19378F7424885CC900E3EBF8 /* AR-pylos-Bridging-Header.h */,
			);
			path = "AR-pylos";
			sourceTree = "<group>";
		};
		196AD6542482F8E200BF63D7 /* AR-pylosTests */ = {
			isa = PBXGroup;
			children = (
				196AD6552482F8E200BF63D7 /* AR_pylosTests.swift */,
				196AD6572482F8E200BF63D7 /* Info.plist */,
			);
			path = "AR-pylosTests";
			sourceTree = "<group>";
		};
		196AD65F2482F8E200BF63D7 /* AR-pylosUITests */ = {
			isa = PBXGroup;
			children = (
				196AD6602482F8E200BF63D7 /* AR_pylosUITests.swift */,
				196AD6622482F8E200BF63D7 /* Info.plist */,
			);
			path = "AR-pylosUITests";
			sourceTree = "<group>";
		};
/* End PBXGroup section */

/* Begin PBXNativeTarget section */
		196AD63A2482F8E000BF63D7 /* AR-pylos */ = {
			isa = PBXNativeTarget;
			buildConfigurationList = 196AD6652482F8E200BF63D7 /* Build configuration list for PBXNativeTarget "AR-pylos" */;
			buildPhases = (
				196AD6372482F8E000BF63D7 /* Sources */,
				196AD6382482F8E000BF63D7 /* Frameworks */,
				196AD6392482F8E000BF63D7 /* Resources */,
				194AD73524842FAA0085C635 /* ShellScript */,
			);
			buildRules = (
			);
			dependencies = (
			);
			name = "AR-pylos";
			productName = "AR-pylos";
			productReference = 196AD63B2482F8E000BF63D7 /* AR-pylos.app */;
			productType = "com.apple.product-type.application";
		};
		196AD6502482F8E200BF63D7 /* AR-pylosTests */ = {
			isa = PBXNativeTarget;
			buildConfigurationList = 196AD6682482F8E200BF63D7 /* Build configuration list for PBXNativeTarget "AR-pylosTests" */;
			buildPhases = (
				196AD64D2482F8E200BF63D7 /* Sources */,
				196AD64E2482F8E200BF63D7 /* Frameworks */,
				196AD64F2482F8E200BF63D7 /* Resources */,
			);
			buildRules = (
			);
			dependencies = (
				196AD6532482F8E200BF63D7 /* PBXTargetDependency */,
			);
			name = "AR-pylosTests";
			productName = "AR-pylosTests";
			productReference = 196AD6512482F8E200BF63D7 /* AR-pylosTests.xctest */;
			productType = "com.apple.product-type.bundle.unit-test";
		};
		196AD65B2482F8E200BF63D7 /* AR-pylosUITests */ = {
			isa = PBXNativeTarget;
			buildConfigurationList = 196AD66B2482F8E200BF63D7 /* Build configuration list for PBXNativeTarget "AR-pylosUITests" */;
			buildPhases = (
				196AD6582482F8E200BF63D7 /* Sources */,
				196AD6592482F8E200BF63D7 /* Frameworks */,
				196AD65A2482F8E200BF63D7 /* Resources */,
			);
			buildRules = (
			);
			dependencies = (
				196AD65E2482F8E200BF63D7 /* PBXTargetDependency */,
			);
			name = "AR-pylosUITests";
			productName = "AR-pylosUITests";
			productReference = 196AD65C2482F8E200BF63D7 /* AR-pylosUITests.xctest */;
			productType = "com.apple.product-type.bundle.ui-testing";
		};
/* End PBXNativeTarget section */

/* Begin PBXProject section */
		196AD6332482F8E000BF63D7 /* Project object */ = {
			isa = PBXProject;
			attributes = {
				LastSwiftUpdateCheck = 1150;
				LastUpgradeCheck = 1150;
				ORGANIZATIONNAME = "Vitalii Poponov";
				TargetAttributes = {
					196AD63A2482F8E000BF63D7 = {
						CreatedOnToolsVersion = 11.5;
					};
					196AD6502482F8E200BF63D7 = {
						CreatedOnToolsVersion = 11.5;
						TestTargetID = 196AD63A2482F8E000BF63D7;
					};
					196AD65B2482F8E200BF63D7 = {
						CreatedOnToolsVersion = 11.5;
						TestTargetID = 196AD63A2482F8E000BF63D7;
					};
				};
			};
			buildConfigurationList = 196AD6362482F8E000BF63D7 /* Build configuration list for PBXProject "AR-pylos" */;
			compatibilityVersion = "Xcode 9.3";
			developmentRegion = en;
			hasScannedForEncodings = 0;
			knownRegions = (
				en,
				Base,
			);
			mainGroup = 196AD6322482F8E000BF63D7;
			productRefGroup = 196AD63C2482F8E000BF63D7 /* Products */;
			projectDirPath = "";
			projectRoot = "";
			targets = (
				196AD63A2482F8E000BF63D7 /* AR-pylos */,
				196AD6502482F8E200BF63D7 /* AR-pylosTests */,
				196AD65B2482F8E200BF63D7 /* AR-pylosUITests */,
			);
		};
/* End PBXProject section */

/* Begin PBXResourcesBuildPhase section */
		196AD6392482F8E000BF63D7 /* Resources */ = {
			isa = PBXResourcesBuildPhase;
			buildActionMask = 2147483647;
			files = (
				196AD64B2482F8E200BF63D7 /* LaunchScreen.storyboard in Resources */,
				196AD6482482F8E200BF63D7 /* Assets.xcassets in Resources */,
				196AD6462482F8E000BF63D7 /* Main.storyboard in Resources */,
			);
			runOnlyForDeploymentPostprocessing = 0;
		};
		196AD64F2482F8E200BF63D7 /* Resources */ = {
			isa = PBXResourcesBuildPhase;
			buildActionMask = 2147483647;
			files = (
			);
			runOnlyForDeploymentPostprocessing = 0;
		};
		196AD65A2482F8E200BF63D7 /* Resources */ = {
			isa = PBXResourcesBuildPhase;
			buildActionMask = 2147483647;
			files = (
			);
			runOnlyForDeploymentPostprocessing = 0;
		};
/* End PBXResourcesBuildPhase section */

/* Begin PBXShellScriptBuildPhase section */
		194AD73524842FAA0085C635 /* ShellScript */ = {
			isa = PBXShellScriptBuildPhase;
			buildActionMask = 2147483647;
			files = (
			);
			inputFileListPaths = (
			);
			inputPaths = (
				"$(SRCROOT)/Carthage/Build/iOS/RxSwift.framework",
				"$(SRCROOT)/Carthage/Build/iOS/RxRelay.framework",
				"$(SRCROOT)/Carthage/Build/iOS/RxCocoa.framework",
			);
			outputFileListPaths = (
			);
			outputPaths = (
				"$(BUILT_PRODUCTS_DIR)/$(FRAMEWORKS_FOLDER_PATH)/RxSwift.framework",
				"$(BUILT_PRODUCTS_DIR)/$(FRAMEWORKS_FOLDER_PATH)/RxRelay.framework",
				"$(BUILT_PRODUCTS_DIR)/$(FRAMEWORKS_FOLDER_PATH)/RxCocoa.framework",
			);
			runOnlyForDeploymentPostprocessing = 0;
			shellPath = /bin/sh;
			shellScript = "/usr/local/bin/carthage copy-frameworks\n";
			showEnvVarsInLog = 0;
		};
/* End PBXShellScriptBuildPhase section */

/* Begin PBXSourcesBuildPhase section */
		196AD6372482F8E000BF63D7 /* Sources */ = {
			isa = PBXSourcesBuildPhase;
			buildActionMask = 2147483647;
			files = (
				19378F99248B388900E3EBF8 /* GameKitNetworkAdapter.swift in Sources */,
				19378FA4248D3DCB00E3EBF8 /* GameStateMachine.swift in Sources */,
				19378F97248B387E00E3EBF8 /* BluetoothNetworkAdapter.swift in Sources */,
				19378F9D248C4A8100E3EBF8 /* GameProcess.swift in Sources */,
				19378FA7248D488200E3EBF8 /* BaseGameState.swift in Sources */,
				19378F85248ADF0200E3EBF8 /* GameServer.swift in Sources */,
				19378FA9248D4B5A00E3EBF8 /* InitiatedGameState.swift in Sources */,
				19378F89248AED9600E3EBF8 /* GameMatchingCoordinator.swift in Sources */,
				19378F7B24886B6300E3EBF8 /* MapItem.swift in Sources */,
				1905F6F324832AC1003059A7 /* GameMap.swift in Sources */,
				19378F7F248AC2C900E3EBF8 /* Game.swift in Sources */,
				19378F7D24886B7700E3EBF8 /* MapCell.swift in Sources */,
				19378F87248AED2600E3EBF8 /* GameCoordinator.swift in Sources */,
				19378F81248ADB5E00E3EBF8 /* Player.swift in Sources */,
				196AD6412482F8E000BF63D7 /* ViewController.swift in Sources */,
				196AD63F2482F8E000BF63D7 /* AppDelegate.swift in Sources */,
				19378F90248AF20E00E3EBF8 /* GameServerBridge.swift in Sources */,
			);
			runOnlyForDeploymentPostprocessing = 0;
		};
		196AD64D2482F8E200BF63D7 /* Sources */ = {
			isa = PBXSourcesBuildPhase;
			buildActionMask = 2147483647;
			files = (
				196AD6562482F8E200BF63D7 /* AR_pylosTests.swift in Sources */,
			);
			runOnlyForDeploymentPostprocessing = 0;
		};
		196AD6582482F8E200BF63D7 /* Sources */ = {
			isa = PBXSourcesBuildPhase;
			buildActionMask = 2147483647;
			files = (
				196AD6612482F8E200BF63D7 /* AR_pylosUITests.swift in Sources */,
			);
			runOnlyForDeploymentPostprocessing = 0;
		};
/* End PBXSourcesBuildPhase section */

/* Begin PBXTargetDependency section */
		196AD6532482F8E200BF63D7 /* PBXTargetDependency */ = {
			isa = PBXTargetDependency;
			target = 196AD63A2482F8E000BF63D7 /* AR-pylos */;
			targetProxy = 196AD6522482F8E200BF63D7 /* PBXContainerItemProxy */;
		};
		196AD65E2482F8E200BF63D7 /* PBXTargetDependency */ = {
			isa = PBXTargetDependency;
			target = 196AD63A2482F8E000BF63D7 /* AR-pylos */;
			targetProxy = 196AD65D2482F8E200BF63D7 /* PBXContainerItemProxy */;
		};
/* End PBXTargetDependency section */

/* Begin PBXVariantGroup section */
		196AD6442482F8E000BF63D7 /* Main.storyboard */ = {
			isa = PBXVariantGroup;
			children = (
				196AD6452482F8E000BF63D7 /* Base */,
			);
			name = Main.storyboard;
			sourceTree = "<group>";
		};
		196AD6492482F8E200BF63D7 /* LaunchScreen.storyboard */ = {
			isa = PBXVariantGroup;
			children = (
				196AD64A2482F8E200BF63D7 /* Base */,
			);
			name = LaunchScreen.storyboard;
			sourceTree = "<group>";
		};
/* End PBXVariantGroup section */

/* Begin XCBuildConfiguration section */
		196AD6632482F8E200BF63D7 /* Debug */ = {
			isa = XCBuildConfiguration;
			buildSettings = {
				ALWAYS_SEARCH_USER_PATHS = NO;
				CLANG_ANALYZER_NONNULL = YES;
				CLANG_ANALYZER_NUMBER_OBJECT_CONVERSION = YES_AGGRESSIVE;
				CLANG_CXX_LANGUAGE_STANDARD = "gnu++14";
				CLANG_CXX_LIBRARY = "libc++";
				CLANG_ENABLE_MODULES = YES;
				CLANG_ENABLE_OBJC_ARC = YES;
				CLANG_ENABLE_OBJC_WEAK = YES;
				CLANG_WARN_BLOCK_CAPTURE_AUTORELEASING = YES;
				CLANG_WARN_BOOL_CONVERSION = YES;
				CLANG_WARN_COMMA = YES;
				CLANG_WARN_CONSTANT_CONVERSION = YES;
				CLANG_WARN_DEPRECATED_OBJC_IMPLEMENTATIONS = YES;
				CLANG_WARN_DIRECT_OBJC_ISA_USAGE = YES_ERROR;
				CLANG_WARN_DOCUMENTATION_COMMENTS = YES;
				CLANG_WARN_EMPTY_BODY = YES;
				CLANG_WARN_ENUM_CONVERSION = YES;
				CLANG_WARN_INFINITE_RECURSION = YES;
				CLANG_WARN_INT_CONVERSION = YES;
				CLANG_WARN_NON_LITERAL_NULL_CONVERSION = YES;
				CLANG_WARN_OBJC_IMPLICIT_RETAIN_SELF = YES;
				CLANG_WARN_OBJC_LITERAL_CONVERSION = YES;
				CLANG_WARN_OBJC_ROOT_CLASS = YES_ERROR;
				CLANG_WARN_RANGE_LOOP_ANALYSIS = YES;
				CLANG_WARN_STRICT_PROTOTYPES = YES;
				CLANG_WARN_SUSPICIOUS_MOVE = YES;
				CLANG_WARN_UNGUARDED_AVAILABILITY = YES_AGGRESSIVE;
				CLANG_WARN_UNREACHABLE_CODE = YES;
				CLANG_WARN__DUPLICATE_METHOD_MATCH = YES;
				COPY_PHASE_STRIP = NO;
				DEBUG_INFORMATION_FORMAT = dwarf;
				ENABLE_STRICT_OBJC_MSGSEND = YES;
				ENABLE_TESTABILITY = YES;
				GCC_C_LANGUAGE_STANDARD = gnu11;
				GCC_DYNAMIC_NO_PIC = NO;
				GCC_NO_COMMON_BLOCKS = YES;
				GCC_OPTIMIZATION_LEVEL = 0;
				GCC_PREPROCESSOR_DEFINITIONS = (
					"DEBUG=1",
					"$(inherited)",
				);
				GCC_WARN_64_TO_32_BIT_CONVERSION = YES;
				GCC_WARN_ABOUT_RETURN_TYPE = YES_ERROR;
				GCC_WARN_UNDECLARED_SELECTOR = YES;
				GCC_WARN_UNINITIALIZED_AUTOS = YES_AGGRESSIVE;
				GCC_WARN_UNUSED_FUNCTION = YES;
				GCC_WARN_UNUSED_VARIABLE = YES;
				IPHONEOS_DEPLOYMENT_TARGET = 13.5;
				MTL_ENABLE_DEBUG_INFO = INCLUDE_SOURCE;
				MTL_FAST_MATH = YES;
				ONLY_ACTIVE_ARCH = YES;
				SDKROOT = iphoneos;
				SWIFT_ACTIVE_COMPILATION_CONDITIONS = DEBUG;
				SWIFT_OPTIMIZATION_LEVEL = "-Onone";
			};
			name = Debug;
		};
		196AD6642482F8E200BF63D7 /* Release */ = {
			isa = XCBuildConfiguration;
			buildSettings = {
				ALWAYS_SEARCH_USER_PATHS = NO;
				CLANG_ANALYZER_NONNULL = YES;
				CLANG_ANALYZER_NUMBER_OBJECT_CONVERSION = YES_AGGRESSIVE;
				CLANG_CXX_LANGUAGE_STANDARD = "gnu++14";
				CLANG_CXX_LIBRARY = "libc++";
				CLANG_ENABLE_MODULES = YES;
				CLANG_ENABLE_OBJC_ARC = YES;
				CLANG_ENABLE_OBJC_WEAK = YES;
				CLANG_WARN_BLOCK_CAPTURE_AUTORELEASING = YES;
				CLANG_WARN_BOOL_CONVERSION = YES;
				CLANG_WARN_COMMA = YES;
				CLANG_WARN_CONSTANT_CONVERSION = YES;
				CLANG_WARN_DEPRECATED_OBJC_IMPLEMENTATIONS = YES;
				CLANG_WARN_DIRECT_OBJC_ISA_USAGE = YES_ERROR;
				CLANG_WARN_DOCUMENTATION_COMMENTS = YES;
				CLANG_WARN_EMPTY_BODY = YES;
				CLANG_WARN_ENUM_CONVERSION = YES;
				CLANG_WARN_INFINITE_RECURSION = YES;
				CLANG_WARN_INT_CONVERSION = YES;
				CLANG_WARN_NON_LITERAL_NULL_CONVERSION = YES;
				CLANG_WARN_OBJC_IMPLICIT_RETAIN_SELF = YES;
				CLANG_WARN_OBJC_LITERAL_CONVERSION = YES;
				CLANG_WARN_OBJC_ROOT_CLASS = YES_ERROR;
				CLANG_WARN_RANGE_LOOP_ANALYSIS = YES;
				CLANG_WARN_STRICT_PROTOTYPES = YES;
				CLANG_WARN_SUSPICIOUS_MOVE = YES;
				CLANG_WARN_UNGUARDED_AVAILABILITY = YES_AGGRESSIVE;
				CLANG_WARN_UNREACHABLE_CODE = YES;
				CLANG_WARN__DUPLICATE_METHOD_MATCH = YES;
				COPY_PHASE_STRIP = NO;
				DEBUG_INFORMATION_FORMAT = "dwarf-with-dsym";
				ENABLE_NS_ASSERTIONS = NO;
				ENABLE_STRICT_OBJC_MSGSEND = YES;
				GCC_C_LANGUAGE_STANDARD = gnu11;
				GCC_NO_COMMON_BLOCKS = YES;
				GCC_WARN_64_TO_32_BIT_CONVERSION = YES;
				GCC_WARN_ABOUT_RETURN_TYPE = YES_ERROR;
				GCC_WARN_UNDECLARED_SELECTOR = YES;
				GCC_WARN_UNINITIALIZED_AUTOS = YES_AGGRESSIVE;
				GCC_WARN_UNUSED_FUNCTION = YES;
				GCC_WARN_UNUSED_VARIABLE = YES;
				IPHONEOS_DEPLOYMENT_TARGET = 13.5;
				MTL_ENABLE_DEBUG_INFO = NO;
				MTL_FAST_MATH = YES;
				SDKROOT = iphoneos;
				SWIFT_COMPILATION_MODE = wholemodule;
				SWIFT_OPTIMIZATION_LEVEL = "-O";
				VALIDATE_PRODUCT = YES;
			};
			name = Release;
		};
		196AD6662482F8E200BF63D7 /* Debug */ = {
			isa = XCBuildConfiguration;
			buildSettings = {
				ASSETCATALOG_COMPILER_APPICON_NAME = AppIcon;
				CODE_SIGN_STYLE = Automatic;
				DEVELOPMENT_TEAM = 6PQJ88HC63;
				FRAMEWORK_SEARCH_PATHS = (
					"$(inherited)",
					"$(PROJECT_DIR)/Carthage/Build/iOS",
				);
				INFOPLIST_FILE = "AR-pylos/Info.plist";
				IPHONEOS_DEPLOYMENT_TARGET = 13.0;
				LD_RUNPATH_SEARCH_PATHS = (
					"$(inherited)",
					"@executable_path/Frameworks",
				);
				PRODUCT_BUNDLE_IDENTIFIER = "com.vp.ar-pylos.AR-pylos";
				PRODUCT_NAME = "$(TARGET_NAME)";
				SWIFT_OBJC_BRIDGING_HEADER = "AR-Pylos/AR-pylos-Bridging-Header.h";
				SWIFT_VERSION = 5.0;
				TARGETED_DEVICE_FAMILY = "1,2";
			};
			name = Debug;
		};
		196AD6672482F8E200BF63D7 /* Release */ = {
			isa = XCBuildConfiguration;
			buildSettings = {
				ASSETCATALOG_COMPILER_APPICON_NAME = AppIcon;
				CODE_SIGN_STYLE = Automatic;
				DEVELOPMENT_TEAM = 6PQJ88HC63;
				FRAMEWORK_SEARCH_PATHS = (
					"$(inherited)",
					"$(PROJECT_DIR)/Carthage/Build/iOS",
				);
				INFOPLIST_FILE = "AR-pylos/Info.plist";
				IPHONEOS_DEPLOYMENT_TARGET = 13.0;
				LD_RUNPATH_SEARCH_PATHS = (
					"$(inherited)",
					"@executable_path/Frameworks",
				);
				PRODUCT_BUNDLE_IDENTIFIER = "com.vp.ar-pylos.AR-pylos";
				PRODUCT_NAME = "$(TARGET_NAME)";
				SWIFT_OBJC_BRIDGING_HEADER = "AR-Pylos/AR-pylos-Bridging-Header.h";
				SWIFT_VERSION = 5.0;
				TARGETED_DEVICE_FAMILY = "1,2";
			};
			name = Release;
		};
		196AD6692482F8E200BF63D7 /* Debug */ = {
			isa = XCBuildConfiguration;
			buildSettings = {
				ALWAYS_EMBED_SWIFT_STANDARD_LIBRARIES = YES;
				BUNDLE_LOADER = "$(TEST_HOST)";
				CODE_SIGN_STYLE = Automatic;
				DEVELOPMENT_TEAM = 6PQJ88HC63;
				INFOPLIST_FILE = "AR-pylosTests/Info.plist";
				IPHONEOS_DEPLOYMENT_TARGET = 13.5;
				LD_RUNPATH_SEARCH_PATHS = (
					"$(inherited)",
					"@executable_path/Frameworks",
					"@loader_path/Frameworks",
				);
				PRODUCT_BUNDLE_IDENTIFIER = "com.vp.ar-pylos.AR-pylosTests";
				PRODUCT_NAME = "$(TARGET_NAME)";
				SWIFT_VERSION = 5.0;
				TARGETED_DEVICE_FAMILY = "1,2";
				TEST_HOST = "$(BUILT_PRODUCTS_DIR)/AR-pylos.app/AR-pylos";
			};
			name = Debug;
		};
		196AD66A2482F8E200BF63D7 /* Release */ = {
			isa = XCBuildConfiguration;
			buildSettings = {
				ALWAYS_EMBED_SWIFT_STANDARD_LIBRARIES = YES;
				BUNDLE_LOADER = "$(TEST_HOST)";
				CODE_SIGN_STYLE = Automatic;
				DEVELOPMENT_TEAM = 6PQJ88HC63;
				INFOPLIST_FILE = "AR-pylosTests/Info.plist";
				IPHONEOS_DEPLOYMENT_TARGET = 13.5;
				LD_RUNPATH_SEARCH_PATHS = (
					"$(inherited)",
					"@executable_path/Frameworks",
					"@loader_path/Frameworks",
				);
				PRODUCT_BUNDLE_IDENTIFIER = "com.vp.ar-pylos.AR-pylosTests";
				PRODUCT_NAME = "$(TARGET_NAME)";
				SWIFT_VERSION = 5.0;
				TARGETED_DEVICE_FAMILY = "1,2";
				TEST_HOST = "$(BUILT_PRODUCTS_DIR)/AR-pylos.app/AR-pylos";
			};
			name = Release;
		};
		196AD66C2482F8E200BF63D7 /* Debug */ = {
			isa = XCBuildConfiguration;
			buildSettings = {
				ALWAYS_EMBED_SWIFT_STANDARD_LIBRARIES = YES;
				CODE_SIGN_STYLE = Automatic;
				DEVELOPMENT_TEAM = 6PQJ88HC63;
				INFOPLIST_FILE = "AR-pylosUITests/Info.plist";
				LD_RUNPATH_SEARCH_PATHS = (
					"$(inherited)",
					"@executable_path/Frameworks",
					"@loader_path/Frameworks",
				);
				PRODUCT_BUNDLE_IDENTIFIER = "com.vp.ar-pylos.AR-pylosUITests";
				PRODUCT_NAME = "$(TARGET_NAME)";
				SWIFT_VERSION = 5.0;
				TARGETED_DEVICE_FAMILY = "1,2";
				TEST_TARGET_NAME = "AR-pylos";
			};
			name = Debug;
		};
		196AD66D2482F8E200BF63D7 /* Release */ = {
			isa = XCBuildConfiguration;
			buildSettings = {
				ALWAYS_EMBED_SWIFT_STANDARD_LIBRARIES = YES;
				CODE_SIGN_STYLE = Automatic;
				DEVELOPMENT_TEAM = 6PQJ88HC63;
				INFOPLIST_FILE = "AR-pylosUITests/Info.plist";
				LD_RUNPATH_SEARCH_PATHS = (
					"$(inherited)",
					"@executable_path/Frameworks",
					"@loader_path/Frameworks",
				);
				PRODUCT_BUNDLE_IDENTIFIER = "com.vp.ar-pylos.AR-pylosUITests";
				PRODUCT_NAME = "$(TARGET_NAME)";
				SWIFT_VERSION = 5.0;
				TARGETED_DEVICE_FAMILY = "1,2";
				TEST_TARGET_NAME = "AR-pylos";
			};
			name = Release;
		};
/* End XCBuildConfiguration section */

/* Begin XCConfigurationList section */
		196AD6362482F8E000BF63D7 /* Build configuration list for PBXProject "AR-pylos" */ = {
			isa = XCConfigurationList;
			buildConfigurations = (
				196AD6632482F8E200BF63D7 /* Debug */,
				196AD6642482F8E200BF63D7 /* Release */,
			);
			defaultConfigurationIsVisible = 0;
			defaultConfigurationName = Release;
		};
		196AD6652482F8E200BF63D7 /* Build configuration list for PBXNativeTarget "AR-pylos" */ = {
			isa = XCConfigurationList;
			buildConfigurations = (
				196AD6662482F8E200BF63D7 /* Debug */,
				196AD6672482F8E200BF63D7 /* Release */,
			);
			defaultConfigurationIsVisible = 0;
			defaultConfigurationName = Release;
		};
		196AD6682482F8E200BF63D7 /* Build configuration list for PBXNativeTarget "AR-pylosTests" */ = {
			isa = XCConfigurationList;
			buildConfigurations = (
				196AD6692482F8E200BF63D7 /* Debug */,
				196AD66A2482F8E200BF63D7 /* Release */,
			);
			defaultConfigurationIsVisible = 0;
			defaultConfigurationName = Release;
		};
		196AD66B2482F8E200BF63D7 /* Build configuration list for PBXNativeTarget "AR-pylosUITests" */ = {
			isa = XCConfigurationList;
			buildConfigurations = (
				196AD66C2482F8E200BF63D7 /* Debug */,
				196AD66D2482F8E200BF63D7 /* Release */,
			);
			defaultConfigurationIsVisible = 0;
			defaultConfigurationName = Release;
		};
/* End XCConfigurationList section */
	};
	rootObject = 196AD6332482F8E000BF63D7 /* Project object */;
}
